{
  "name": "4cfc0a9db144ea43",
  "lockfileVersion": 3,
  "requires": true,
  "packages": {
    "": {
      "dependencies": {
        "ai-elements": "^1.5.0"
      }
    },
    "node_modules/ai-elements": {
      "version": "1.5.0",
      "resolved": "https://registry.npmjs.org/ai-elements/-/ai-elements-1.5.0.tgz",
      "integrity": "sha512-DTriVnZalj2Smc3YHMDjWqA1kjh0jptpKK6evepvrpDGscNmWc9wJS52jYRhMg5FgVqrG4CWhGsRwmwzXkd8gw==",
      "bin": {
        "elements": "index.js"
      }
    }
  }
}
